// !$*UTF8*$!
{
	archiveVersion = 1;
	classes = {
	};
	objectVersion = 56;
	objects = {

/* Begin PBXBuildFile section */
		A009B04129F82D3A0064351B /* ArrayExtension.swift in Sources */ = {isa = PBXBuildFile; fileRef = A009B04029F82D3A0064351B /* ArrayExtension.swift */; };
		A009B04429F82DDC0064351B /* Credits.swift in Sources */ = {isa = PBXBuildFile; fileRef = A009B04329F82DDC0064351B /* Credits.swift */; };
		A03DB19229AE8C0B0017E77A /* DateExtension.swift in Sources */ = {isa = PBXBuildFile; fileRef = A03DB19129AE8C0B0017E77A /* DateExtension.swift */; };
		A043F8A529C0C914002D560A /* TaskListModel.swift in Sources */ = {isa = PBXBuildFile; fileRef = A043F8A429C0C914002D560A /* TaskListModel.swift */; };
		A043F8A729C0CB36002D560A /* TaskListViewModel.swift in Sources */ = {isa = PBXBuildFile; fileRef = A043F8A629C0CB36002D560A /* TaskListViewModel.swift */; };
		A043F8A929C0CBF6002D560A /* TaskListView.swift in Sources */ = {isa = PBXBuildFile; fileRef = A043F8A829C0CBF6002D560A /* TaskListView.swift */; };
		A043F8B429D50667002D560A /* Sidebar.swift in Sources */ = {isa = PBXBuildFile; fileRef = A043F8B329D50667002D560A /* Sidebar.swift */; };
		A043F8B629D5E625002D560A /* SidebarIcon.swift in Sources */ = {isa = PBXBuildFile; fileRef = A043F8B529D5E625002D560A /* SidebarIcon.swift */; };
		A074973E29F0855C00081560 /* Destinations.swift in Sources */ = {isa = PBXBuildFile; fileRef = A074973D29F0855C00081560 /* Destinations.swift */; };
		A0894F672974D2D80016C4AF /* TaskManagerModel.swift in Sources */ = {isa = PBXBuildFile; fileRef = A0894F662974D2D80016C4AF /* TaskManagerModel.swift */; };
		A0894F692974D2FB0016C4AF /* TaskManagerViewModel.swift in Sources */ = {isa = PBXBuildFile; fileRef = A0894F682974D2FB0016C4AF /* TaskManagerViewModel.swift */; };
		A0894F6B2974D3220016C4AF /* TaskManagerView.swift in Sources */ = {isa = PBXBuildFile; fileRef = A0894F6A2974D3220016C4AF /* TaskManagerView.swift */; };
		A0894F6E2974D3790016C4AF /* DayModel.swift in Sources */ = {isa = PBXBuildFile; fileRef = A0894F6D2974D3790016C4AF /* DayModel.swift */; };
		A0894F722974D3C40016C4AF /* DayView.swift in Sources */ = {isa = PBXBuildFile; fileRef = A0894F712974D3C40016C4AF /* DayView.swift */; };
		A0894F752974D8510016C4AF /* TaskModel.swift in Sources */ = {isa = PBXBuildFile; fileRef = A0894F742974D8510016C4AF /* TaskModel.swift */; };
		A0894F772974D9020016C4AF /* TaskView.swift in Sources */ = {isa = PBXBuildFile; fileRef = A0894F762974D9020016C4AF /* TaskView.swift */; };
		A0894F7B297504250016C4AF /* DayViewModel.swift in Sources */ = {isa = PBXBuildFile; fileRef = A0894F7A297504250016C4AF /* DayViewModel.swift */; };
		A0894F7D2975DC530016C4AF /* ViewModel.swift in Sources */ = {isa = PBXBuildFile; fileRef = A0894F7C2975DC530016C4AF /* ViewModel.swift */; };
		A0894F7F29760F030016C4AF /* TaskViewModel.swift in Sources */ = {isa = PBXBuildFile; fileRef = A0894F7E29760F030016C4AF /* TaskViewModel.swift */; };
		A0AA7905296E443C00D7DA09 /* ToDoBy2App.swift in Sources */ = {isa = PBXBuildFile; fileRef = A0AA7904296E443C00D7DA09 /* ToDoBy2App.swift */; };
		A0AA7907296E443C00D7DA09 /* ContentView.swift in Sources */ = {isa = PBXBuildFile; fileRef = A0AA7906296E443C00D7DA09 /* ContentView.swift */; };
		A0AA7909296E443D00D7DA09 /* Assets.xcassets in Resources */ = {isa = PBXBuildFile; fileRef = A0AA7908296E443D00D7DA09 /* Assets.xcassets */; };
		A0AA790D296E443D00D7DA09 /* Preview Assets.xcassets in Resources */ = {isa = PBXBuildFile; fileRef = A0AA790C296E443D00D7DA09 /* Preview Assets.xcassets */; };
		A0DF9FFC29B1048000ACD503 /* TaskManagerViewConstants.swift in Sources */ = {isa = PBXBuildFile; fileRef = A0DF9FFB29B1048000ACD503 /* TaskManagerViewConstants.swift */; };
		A0FACEFE29F7282600A40224 /* ContentViewModel.swift in Sources */ = {isa = PBXBuildFile; fileRef = A0FACEFD29F7282600A40224 /* ContentViewModel.swift */; };
		A0FACF0029F7285800A40224 /* ContentModel.swift in Sources */ = {isa = PBXBuildFile; fileRef = A0FACEFF29F7285800A40224 /* ContentModel.swift */; };
/* End PBXBuildFile section */

/* Begin PBXFileReference section */
		A009B04029F82D3A0064351B /* ArrayExtension.swift */ = {isa = PBXFileReference; lastKnownFileType = sourcecode.swift; path = ArrayExtension.swift; sourceTree = "<group>"; };
		A009B04329F82DDC0064351B /* Credits.swift */ = {isa = PBXFileReference; lastKnownFileType = sourcecode.swift; path = Credits.swift; sourceTree = "<group>"; };
		A03DB19129AE8C0B0017E77A /* DateExtension.swift */ = {isa = PBXFileReference; lastKnownFileType = sourcecode.swift; path = DateExtension.swift; sourceTree = "<group>"; };
		A043F8A429C0C914002D560A /* TaskListModel.swift */ = {isa = PBXFileReference; lastKnownFileType = sourcecode.swift; path = TaskListModel.swift; sourceTree = "<group>"; };
		A043F8A629C0CB36002D560A /* TaskListViewModel.swift */ = {isa = PBXFileReference; lastKnownFileType = sourcecode.swift; path = TaskListViewModel.swift; sourceTree = "<group>"; };
		A043F8A829C0CBF6002D560A /* TaskListView.swift */ = {isa = PBXFileReference; lastKnownFileType = sourcecode.swift; path = TaskListView.swift; sourceTree = "<group>"; };
		A043F8B329D50667002D560A /* Sidebar.swift */ = {isa = PBXFileReference; lastKnownFileType = sourcecode.swift; path = Sidebar.swift; sourceTree = "<group>"; };
		A043F8B529D5E625002D560A /* SidebarIcon.swift */ = {isa = PBXFileReference; lastKnownFileType = sourcecode.swift; path = SidebarIcon.swift; sourceTree = "<group>"; };
		A074973D29F0855C00081560 /* Destinations.swift */ = {isa = PBXFileReference; lastKnownFileType = sourcecode.swift; path = Destinations.swift; sourceTree = "<group>"; };
		A0894F662974D2D80016C4AF /* TaskManagerModel.swift */ = {isa = PBXFileReference; explicitFileType = sourcecode.swift; path = TaskManagerModel.swift; sourceTree = "<group>"; };
		A0894F682974D2FB0016C4AF /* TaskManagerViewModel.swift */ = {isa = PBXFileReference; explicitFileType = sourcecode.swift; path = TaskManagerViewModel.swift; sourceTree = "<group>"; };
		A0894F6A2974D3220016C4AF /* TaskManagerView.swift */ = {isa = PBXFileReference; explicitFileType = sourcecode.swift; path = TaskManagerView.swift; sourceTree = "<group>"; };
		A0894F6D2974D3790016C4AF /* DayModel.swift */ = {isa = PBXFileReference; lastKnownFileType = sourcecode.swift; path = DayModel.swift; sourceTree = "<group>"; };
		A0894F712974D3C40016C4AF /* DayView.swift */ = {isa = PBXFileReference; lastKnownFileType = sourcecode.swift; path = DayView.swift; sourceTree = "<group>"; };
		A0894F742974D8510016C4AF /* TaskModel.swift */ = {isa = PBXFileReference; lastKnownFileType = sourcecode.swift; path = TaskModel.swift; sourceTree = "<group>"; };
		A0894F762974D9020016C4AF /* TaskView.swift */ = {isa = PBXFileReference; lastKnownFileType = sourcecode.swift; path = TaskView.swift; sourceTree = "<group>"; };
		A0894F7A297504250016C4AF /* DayViewModel.swift */ = {isa = PBXFileReference; lastKnownFileType = sourcecode.swift; path = DayViewModel.swift; sourceTree = "<group>"; };
		A0894F7C2975DC530016C4AF /* ViewModel.swift */ = {isa = PBXFileReference; fileEncoding = 4; lastKnownFileType = sourcecode.swift; path = ViewModel.swift; sourceTree = "<group>"; };
		A0894F7E29760F030016C4AF /* TaskViewModel.swift */ = {isa = PBXFileReference; lastKnownFileType = sourcecode.swift; path = TaskViewModel.swift; sourceTree = "<group>"; };
		A0AA7901296E443C00D7DA09 /* ToDoBy2.app */ = {isa = PBXFileReference; explicitFileType = wrapper.application; includeInIndex = 0; path = ToDoBy2.app; sourceTree = BUILT_PRODUCTS_DIR; };
		A0AA7904296E443C00D7DA09 /* ToDoBy2App.swift */ = {isa = PBXFileReference; lastKnownFileType = sourcecode.swift; path = ToDoBy2App.swift; sourceTree = "<group>"; };
		A0AA7906296E443C00D7DA09 /* ContentView.swift */ = {isa = PBXFileReference; lastKnownFileType = sourcecode.swift; path = ContentView.swift; sourceTree = "<group>"; };
		A0AA7908296E443D00D7DA09 /* Assets.xcassets */ = {isa = PBXFileReference; lastKnownFileType = folder.assetcatalog; path = Assets.xcassets; sourceTree = "<group>"; };
		A0AA790A296E443D00D7DA09 /* ToDoBy2.entitlements */ = {isa = PBXFileReference; lastKnownFileType = text.plist.entitlements; path = ToDoBy2.entitlements; sourceTree = "<group>"; };
		A0AA790C296E443D00D7DA09 /* Preview Assets.xcassets */ = {isa = PBXFileReference; lastKnownFileType = folder.assetcatalog; path = "Preview Assets.xcassets"; sourceTree = "<group>"; };
		A0DF9FFB29B1048000ACD503 /* TaskManagerViewConstants.swift */ = {isa = PBXFileReference; lastKnownFileType = sourcecode.swift; path = TaskManagerViewConstants.swift; sourceTree = "<group>"; };
		A0FACEFD29F7282600A40224 /* ContentViewModel.swift */ = {isa = PBXFileReference; lastKnownFileType = sourcecode.swift; path = ContentViewModel.swift; sourceTree = "<group>"; };
		A0FACEFF29F7285800A40224 /* ContentModel.swift */ = {isa = PBXFileReference; lastKnownFileType = sourcecode.swift; path = ContentModel.swift; sourceTree = "<group>"; };
/* End PBXFileReference section */

/* Begin PBXFrameworksBuildPhase section */
		A0AA78FE296E443C00D7DA09 /* Frameworks */ = {
			isa = PBXFrameworksBuildPhase;
			buildActionMask = 2147483647;
			files = (
			);
			runOnlyForDeploymentPostprocessing = 0;
		};
/* End PBXFrameworksBuildPhase section */

/* Begin PBXGroup section */
		A009B04229F82D3F0064351B /* Extensions */ = {
			isa = PBXGroup;
			children = (
				A03DB19129AE8C0B0017E77A /* DateExtension.swift */,
				A009B04029F82D3A0064351B /* ArrayExtension.swift */,
			);
			path = Extensions;
			sourceTree = "<group>";
		};
		A043F8A329C0C8E8002D560A /* TaskList */ = {
			isa = PBXGroup;
			children = (
				A043F8A429C0C914002D560A /* TaskListModel.swift */,
				A043F8A629C0CB36002D560A /* TaskListViewModel.swift */,
				A043F8A829C0CBF6002D560A /* TaskListView.swift */,
			);
			path = TaskList;
			sourceTree = "<group>";
		};
		A074973C29F0853500081560 /* Navigation */ = {
			isa = PBXGroup;
			children = (
				A043F8B329D50667002D560A /* Sidebar.swift */,
				A074973D29F0855C00081560 /* Destinations.swift */,
				A043F8B529D5E625002D560A /* SidebarIcon.swift */,
			);
			path = Navigation;
			sourceTree = "<group>";
		};
		A0894F652974D2C90016C4AF /* TaskManager */ = {
			isa = PBXGroup;
			children = (
				A0894F662974D2D80016C4AF /* TaskManagerModel.swift */,
				A0894F682974D2FB0016C4AF /* TaskManagerViewModel.swift */,
				A0894F6A2974D3220016C4AF /* TaskManagerView.swift */,
				A0DF9FFB29B1048000ACD503 /* TaskManagerViewConstants.swift */,
			);
			path = TaskManager;
			sourceTree = "<group>";
		};
		A0894F6C2974D36D0016C4AF /* Day */ = {
			isa = PBXGroup;
			children = (
				A0894F6D2974D3790016C4AF /* DayModel.swift */,
				A0894F7A297504250016C4AF /* DayViewModel.swift */,
				A0894F712974D3C40016C4AF /* DayView.swift */,
			);
			path = Day;
			sourceTree = "<group>";
		};
		A0894F732974D8450016C4AF /* Task */ = {
			isa = PBXGroup;
			children = (
				A0894F742974D8510016C4AF /* TaskModel.swift */,
				A0894F7E29760F030016C4AF /* TaskViewModel.swift */,
				A0894F762974D9020016C4AF /* TaskView.swift */,
			);
			path = Task;
			sourceTree = "<group>";
		};
		A0AA78F8296E443C00D7DA09 = {
			isa = PBXGroup;
			children = (
				A0AA7903296E443C00D7DA09 /* ToDoBy2 */,
				A0AA7902296E443C00D7DA09 /* Products */,
			);
			sourceTree = "<group>";
		};
		A0AA7902296E443C00D7DA09 /* Products */ = {
			isa = PBXGroup;
			children = (
				A0AA7901296E443C00D7DA09 /* ToDoBy2.app */,
			);
			name = Products;
			sourceTree = "<group>";
		};
		A0AA7903296E443C00D7DA09 /* ToDoBy2 */ = {
			isa = PBXGroup;
			children = (
				A0AA7904296E443C00D7DA09 /* ToDoBy2App.swift */,
				A009B04329F82DDC0064351B /* Credits.swift */,
				A074973C29F0853500081560 /* Navigation */,
				A0FACF0129F7285F00A40224 /* Content */,
				A0894F732974D8450016C4AF /* Task */,
				A043F8A329C0C8E8002D560A /* TaskList */,
				A0894F6C2974D36D0016C4AF /* Day */,
				A0894F652974D2C90016C4AF /* TaskManager */,
				A0894F7C2975DC530016C4AF /* ViewModel.swift */,
				A009B04229F82D3F0064351B /* Extensions */,
				A0AA7908296E443D00D7DA09 /* Assets.xcassets */,
				A0AA790A296E443D00D7DA09 /* ToDoBy2.entitlements */,
				A0AA790B296E443D00D7DA09 /* Preview Content */,
			);
			path = ToDoBy2;
			sourceTree = "<group>";
		};
		A0AA790B296E443D00D7DA09 /* Preview Content */ = {
			isa = PBXGroup;
			children = (
				A0AA790C296E443D00D7DA09 /* Preview Assets.xcassets */,
			);
			path = "Preview Content";
			sourceTree = "<group>";
		};
		A0FACF0129F7285F00A40224 /* Content */ = {
			isa = PBXGroup;
			children = (
				A0FACEFF29F7285800A40224 /* ContentModel.swift */,
				A0FACEFD29F7282600A40224 /* ContentViewModel.swift */,
				A0AA7906296E443C00D7DA09 /* ContentView.swift */,
			);
			path = Content;
			sourceTree = "<group>";
		};
/* End PBXGroup section */

/* Begin PBXNativeTarget section */
		A0AA7900296E443C00D7DA09 /* ToDoBy2 */ = {
			isa = PBXNativeTarget;
			buildConfigurationList = A0AA7910296E443D00D7DA09 /* Build configuration list for PBXNativeTarget "ToDoBy2" */;
			buildPhases = (
				A0AA78FD296E443C00D7DA09 /* Sources */,
				A0AA78FE296E443C00D7DA09 /* Frameworks */,
				A0AA78FF296E443C00D7DA09 /* Resources */,
			);
			buildRules = (
			);
			dependencies = (
			);
			name = ToDoBy2;
			productName = ToDoBy2;
			productReference = A0AA7901296E443C00D7DA09 /* ToDoBy2.app */;
			productType = "com.apple.product-type.application";
		};
/* End PBXNativeTarget section */

/* Begin PBXProject section */
		A0AA78F9296E443C00D7DA09 /* Project object */ = {
			isa = PBXProject;
			attributes = {
				BuildIndependentTargetsInParallel = 1;
				LastSwiftUpdateCheck = 1420;
				LastUpgradeCheck = 1420;
				TargetAttributes = {
					A0AA7900296E443C00D7DA09 = {
						CreatedOnToolsVersion = 14.2;
					};
				};
			};
			buildConfigurationList = A0AA78FC296E443C00D7DA09 /* Build configuration list for PBXProject "ToDoBy2" */;
			compatibilityVersion = "Xcode 14.0";
			developmentRegion = en;
			hasScannedForEncodings = 0;
			knownRegions = (
				en,
				Base,
			);
			mainGroup = A0AA78F8296E443C00D7DA09;
			productRefGroup = A0AA7902296E443C00D7DA09 /* Products */;
			projectDirPath = "";
			projectRoot = "";
			targets = (
				A0AA7900296E443C00D7DA09 /* ToDoBy2 */,
			);
		};
/* End PBXProject section */

/* Begin PBXResourcesBuildPhase section */
		A0AA78FF296E443C00D7DA09 /* Resources */ = {
			isa = PBXResourcesBuildPhase;
			buildActionMask = 2147483647;
			files = (
				A0AA790D296E443D00D7DA09 /* Preview Assets.xcassets in Resources */,
				A0AA7909296E443D00D7DA09 /* Assets.xcassets in Resources */,
			);
			runOnlyForDeploymentPostprocessing = 0;
		};
/* End PBXResourcesBuildPhase section */

/* Begin PBXSourcesBuildPhase section */
		A0AA78FD296E443C00D7DA09 /* Sources */ = {
			isa = PBXSourcesBuildPhase;
			buildActionMask = 2147483647;
			files = (
				A043F8A529C0C914002D560A /* TaskListModel.swift in Sources */,
				A0894F672974D2D80016C4AF /* TaskManagerModel.swift in Sources */,
				A03DB19229AE8C0B0017E77A /* DateExtension.swift in Sources */,
				A0894F722974D3C40016C4AF /* DayView.swift in Sources */,
				A0894F6B2974D3220016C4AF /* TaskManagerView.swift in Sources */,
				A0894F772974D9020016C4AF /* TaskView.swift in Sources */,
				A074973E29F0855C00081560 /* Destinations.swift in Sources */,
				A0FACF0029F7285800A40224 /* ContentModel.swift in Sources */,
				A0894F752974D8510016C4AF /* TaskModel.swift in Sources */,
				A0894F7D2975DC530016C4AF /* ViewModel.swift in Sources */,
				A009B04129F82D3A0064351B /* ArrayExtension.swift in Sources */,
				A0894F7F29760F030016C4AF /* TaskViewModel.swift in Sources */,
				A0894F6E2974D3790016C4AF /* DayModel.swift in Sources */,
				A043F8B629D5E625002D560A /* SidebarIcon.swift in Sources */,
				A0AA7907296E443C00D7DA09 /* ContentView.swift in Sources */,
				A0AA7905296E443C00D7DA09 /* ToDoBy2App.swift in Sources */,
				A043F8A929C0CBF6002D560A /* TaskListView.swift in Sources */,
				A0894F692974D2FB0016C4AF /* TaskManagerViewModel.swift in Sources */,
				A043F8A729C0CB36002D560A /* TaskListViewModel.swift in Sources */,
				A0FACEFE29F7282600A40224 /* ContentViewModel.swift in Sources */,
				A0894F7B297504250016C4AF /* DayViewModel.swift in Sources */,
				A043F8B429D50667002D560A /* Sidebar.swift in Sources */,
				A009B04429F82DDC0064351B /* Credits.swift in Sources */,
				A0DF9FFC29B1048000ACD503 /* TaskManagerViewConstants.swift in Sources */,
			);
			runOnlyForDeploymentPostprocessing = 0;
		};
/* End PBXSourcesBuildPhase section */

/* Begin XCBuildConfiguration section */
		A0AA790E296E443D00D7DA09 /* Debug */ = {
			isa = XCBuildConfiguration;
			buildSettings = {
				ALWAYS_SEARCH_USER_PATHS = NO;
				CLANG_ANALYZER_NONNULL = YES;
				CLANG_ANALYZER_NUMBER_OBJECT_CONVERSION = YES_AGGRESSIVE;
				CLANG_CXX_LANGUAGE_STANDARD = "gnu++20";
				CLANG_ENABLE_MODULES = YES;
				CLANG_ENABLE_OBJC_ARC = YES;
				CLANG_ENABLE_OBJC_WEAK = YES;
				CLANG_WARN_BLOCK_CAPTURE_AUTORELEASING = YES;
				CLANG_WARN_BOOL_CONVERSION = YES;
				CLANG_WARN_COMMA = YES;
				CLANG_WARN_CONSTANT_CONVERSION = YES;
				CLANG_WARN_DEPRECATED_OBJC_IMPLEMENTATIONS = YES;
				CLANG_WARN_DIRECT_OBJC_ISA_USAGE = YES_ERROR;
				CLANG_WARN_DOCUMENTATION_COMMENTS = YES;
				CLANG_WARN_EMPTY_BODY = YES;
				CLANG_WARN_ENUM_CONVERSION = YES;
				CLANG_WARN_INFINITE_RECURSION = YES;
				CLANG_WARN_INT_CONVERSION = YES;
				CLANG_WARN_NON_LITERAL_NULL_CONVERSION = YES;
				CLANG_WARN_OBJC_IMPLICIT_RETAIN_SELF = YES;
				CLANG_WARN_OBJC_LITERAL_CONVERSION = YES;
				CLANG_WARN_OBJC_ROOT_CLASS = YES_ERROR;
				CLANG_WARN_QUOTED_INCLUDE_IN_FRAMEWORK_HEADER = YES;
				CLANG_WARN_RANGE_LOOP_ANALYSIS = YES;
				CLANG_WARN_STRICT_PROTOTYPES = YES;
				CLANG_WARN_SUSPICIOUS_MOVE = YES;
				CLANG_WARN_UNGUARDED_AVAILABILITY = YES_AGGRESSIVE;
				CLANG_WARN_UNREACHABLE_CODE = YES;
				CLANG_WARN__DUPLICATE_METHOD_MATCH = YES;
				COPY_PHASE_STRIP = NO;
				DEBUG_INFORMATION_FORMAT = dwarf;
				ENABLE_STRICT_OBJC_MSGSEND = YES;
				ENABLE_TESTABILITY = YES;
				GCC_C_LANGUAGE_STANDARD = gnu11;
				GCC_DYNAMIC_NO_PIC = NO;
				GCC_NO_COMMON_BLOCKS = YES;
				GCC_OPTIMIZATION_LEVEL = 0;
				GCC_PREPROCESSOR_DEFINITIONS = (
					"DEBUG=1",
					"$(inherited)",
				);
				GCC_WARN_64_TO_32_BIT_CONVERSION = YES;
				GCC_WARN_ABOUT_RETURN_TYPE = YES_ERROR;
				GCC_WARN_UNDECLARED_SELECTOR = YES;
				GCC_WARN_UNINITIALIZED_AUTOS = YES_AGGRESSIVE;
				GCC_WARN_UNUSED_FUNCTION = YES;
				GCC_WARN_UNUSED_VARIABLE = YES;
				MTL_ENABLE_DEBUG_INFO = INCLUDE_SOURCE;
				MTL_FAST_MATH = YES;
				ONLY_ACTIVE_ARCH = YES;
				SWIFT_ACTIVE_COMPILATION_CONDITIONS = DEBUG;
				SWIFT_OPTIMIZATION_LEVEL = "-Onone";
			};
			name = Debug;
		};
		A0AA790F296E443D00D7DA09 /* Release */ = {
			isa = XCBuildConfiguration;
			buildSettings = {
				ALWAYS_SEARCH_USER_PATHS = NO;
				CLANG_ANALYZER_NONNULL = YES;
				CLANG_ANALYZER_NUMBER_OBJECT_CONVERSION = YES_AGGRESSIVE;
				CLANG_CXX_LANGUAGE_STANDARD = "gnu++20";
				CLANG_ENABLE_MODULES = YES;
				CLANG_ENABLE_OBJC_ARC = YES;
				CLANG_ENABLE_OBJC_WEAK = YES;
				CLANG_WARN_BLOCK_CAPTURE_AUTORELEASING = YES;
				CLANG_WARN_BOOL_CONVERSION = YES;
				CLANG_WARN_COMMA = YES;
				CLANG_WARN_CONSTANT_CONVERSION = YES;
				CLANG_WARN_DEPRECATED_OBJC_IMPLEMENTATIONS = YES;
				CLANG_WARN_DIRECT_OBJC_ISA_USAGE = YES_ERROR;
				CLANG_WARN_DOCUMENTATION_COMMENTS = YES;
				CLANG_WARN_EMPTY_BODY = YES;
				CLANG_WARN_ENUM_CONVERSION = YES;
				CLANG_WARN_INFINITE_RECURSION = YES;
				CLANG_WARN_INT_CONVERSION = YES;
				CLANG_WARN_NON_LITERAL_NULL_CONVERSION = YES;
				CLANG_WARN_OBJC_IMPLICIT_RETAIN_SELF = YES;
				CLANG_WARN_OBJC_LITERAL_CONVERSION = YES;
				CLANG_WARN_OBJC_ROOT_CLASS = YES_ERROR;
				CLANG_WARN_QUOTED_INCLUDE_IN_FRAMEWORK_HEADER = YES;
				CLANG_WARN_RANGE_LOOP_ANALYSIS = YES;
				CLANG_WARN_STRICT_PROTOTYPES = YES;
				CLANG_WARN_SUSPICIOUS_MOVE = YES;
				CLANG_WARN_UNGUARDED_AVAILABILITY = YES_AGGRESSIVE;
				CLANG_WARN_UNREACHABLE_CODE = YES;
				CLANG_WARN__DUPLICATE_METHOD_MATCH = YES;
				COPY_PHASE_STRIP = NO;
				DEBUG_INFORMATION_FORMAT = "dwarf-with-dsym";
				ENABLE_NS_ASSERTIONS = NO;
				ENABLE_STRICT_OBJC_MSGSEND = YES;
				GCC_C_LANGUAGE_STANDARD = gnu11;
				GCC_NO_COMMON_BLOCKS = YES;
				GCC_WARN_64_TO_32_BIT_CONVERSION = YES;
				GCC_WARN_ABOUT_RETURN_TYPE = YES_ERROR;
				GCC_WARN_UNDECLARED_SELECTOR = YES;
				GCC_WARN_UNINITIALIZED_AUTOS = YES_AGGRESSIVE;
				GCC_WARN_UNUSED_FUNCTION = YES;
				GCC_WARN_UNUSED_VARIABLE = YES;
				MTL_ENABLE_DEBUG_INFO = NO;
				MTL_FAST_MATH = YES;
				SWIFT_COMPILATION_MODE = wholemodule;
				SWIFT_OPTIMIZATION_LEVEL = "-O";
			};
			name = Release;
		};
		A0AA7911296E443D00D7DA09 /* Debug */ = {
			isa = XCBuildConfiguration;
			buildSettings = {
				ASSETCATALOG_COMPILER_APPICON_NAME = AppIcon;
				ASSETCATALOG_COMPILER_GLOBAL_ACCENT_COLOR_NAME = AccentColor;
				CODE_SIGN_ENTITLEMENTS = ToDoBy2/ToDoBy2.entitlements;
				CODE_SIGN_STYLE = Automatic;
				CURRENT_PROJECT_VERSION = 1;
				DEVELOPMENT_ASSET_PATHS = "\"ToDoBy2/Preview Content\"";
				DEVELOPMENT_TEAM = K9L75UQUEP;
				ENABLE_HARDENED_RUNTIME = YES;
				ENABLE_PREVIEWS = YES;
				GENERATE_INFOPLIST_FILE = YES;
				"INFOPLIST_KEY_UIApplicationSceneManifest_Generation[sdk=iphoneos*]" = YES;
				"INFOPLIST_KEY_UIApplicationSceneManifest_Generation[sdk=iphonesimulator*]" = YES;
				"INFOPLIST_KEY_UIApplicationSupportsIndirectInputEvents[sdk=iphoneos*]" = YES;
				"INFOPLIST_KEY_UIApplicationSupportsIndirectInputEvents[sdk=iphonesimulator*]" = YES;
				"INFOPLIST_KEY_UILaunchScreen_Generation[sdk=iphoneos*]" = YES;
				"INFOPLIST_KEY_UILaunchScreen_Generation[sdk=iphonesimulator*]" = YES;
				"INFOPLIST_KEY_UIStatusBarStyle[sdk=iphoneos*]" = UIStatusBarStyleDefault;
				"INFOPLIST_KEY_UIStatusBarStyle[sdk=iphonesimulator*]" = UIStatusBarStyleDefault;
				INFOPLIST_KEY_UISupportedInterfaceOrientations_iPad = "UIInterfaceOrientationPortrait UIInterfaceOrientationPortraitUpsideDown UIInterfaceOrientationLandscapeLeft UIInterfaceOrientationLandscapeRight";
				INFOPLIST_KEY_UISupportedInterfaceOrientations_iPhone = "UIInterfaceOrientationPortrait UIInterfaceOrientationLandscapeLeft UIInterfaceOrientationLandscapeRight";
				IPHONEOS_DEPLOYMENT_TARGET = 16.2;
				LD_RUNPATH_SEARCH_PATHS = "@executable_path/Frameworks";
				"LD_RUNPATH_SEARCH_PATHS[sdk=macosx*]" = "@executable_path/../Frameworks";
				MACOSX_DEPLOYMENT_TARGET = 12.6;
				MARKETING_VERSION = 1.0;
				PRODUCT_BUNDLE_IDENTIFIER = com.tobyueno.ToDoBy2;
				PRODUCT_NAME = "$(TARGET_NAME)";
				SDKROOT = auto;
				SUPPORTED_PLATFORMS = "iphoneos iphonesimulator macosx";
				SWIFT_EMIT_LOC_STRINGS = YES;
				SWIFT_VERSION = 5.0;
				TARGETED_DEVICE_FAMILY = "1,2";
			};
			name = Debug;
		};
		A0AA7912296E443D00D7DA09 /* Release */ = {
			isa = XCBuildConfiguration;
			buildSettings = {
				ASSETCATALOG_COMPILER_APPICON_NAME = AppIcon;
				ASSETCATALOG_COMPILER_GLOBAL_ACCENT_COLOR_NAME = AccentColor;
				CODE_SIGN_ENTITLEMENTS = ToDoBy2/ToDoBy2.entitlements;
				CODE_SIGN_STYLE = Automatic;
				CURRENT_PROJECT_VERSION = 1;
				DEVELOPMENT_ASSET_PATHS = "\"ToDoBy2/Preview Content\"";
				DEVELOPMENT_TEAM = K9L75UQUEP;
				ENABLE_HARDENED_RUNTIME = YES;
				ENABLE_PREVIEWS = YES;
				GENERATE_INFOPLIST_FILE = YES;
				"INFOPLIST_KEY_UIApplicationSceneManifest_Generation[sdk=iphoneos*]" = YES;
				"INFOPLIST_KEY_UIApplicationSceneManifest_Generation[sdk=iphonesimulator*]" = YES;
				"INFOPLIST_KEY_UIApplicationSupportsIndirectInputEvents[sdk=iphoneos*]" = YES;
				"INFOPLIST_KEY_UIApplicationSupportsIndirectInputEvents[sdk=iphonesimulator*]" = YES;
				"INFOPLIST_KEY_UILaunchScreen_Generation[sdk=iphoneos*]" = YES;
				"INFOPLIST_KEY_UILaunchScreen_Generation[sdk=iphonesimulator*]" = YES;
				"INFOPLIST_KEY_UIStatusBarStyle[sdk=iphoneos*]" = UIStatusBarStyleDefault;
				"INFOPLIST_KEY_UIStatusBarStyle[sdk=iphonesimulator*]" = UIStatusBarStyleDefault;
				INFOPLIST_KEY_UISupportedInterfaceOrientations_iPad = "UIInterfaceOrientationPortrait UIInterfaceOrientationPortraitUpsideDown UIInterfaceOrientationLandscapeLeft UIInterfaceOrientationLandscapeRight";
				INFOPLIST_KEY_UISupportedInterfaceOrientations_iPhone = "UIInterfaceOrientationPortrait UIInterfaceOrientationLandscapeLeft UIInterfaceOrientationLandscapeRight";
				IPHONEOS_DEPLOYMENT_TARGET = 16.2;
				LD_RUNPATH_SEARCH_PATHS = "@executable_path/Frameworks";
				"LD_RUNPATH_SEARCH_PATHS[sdk=macosx*]" = "@executable_path/../Frameworks";
				MACOSX_DEPLOYMENT_TARGET = 12.6;
				MARKETING_VERSION = 1.0;
				PRODUCT_BUNDLE_IDENTIFIER = com.tobyueno.ToDoBy2;
				PRODUCT_NAME = "$(TARGET_NAME)";
				SDKROOT = auto;
				SUPPORTED_PLATFORMS = "iphoneos iphonesimulator macosx";
				SWIFT_EMIT_LOC_STRINGS = YES;
				SWIFT_VERSION = 5.0;
				TARGETED_DEVICE_FAMILY = "1,2";
			};
			name = Release;
		};
/* End XCBuildConfiguration section */

/* Begin XCConfigurationList section */
		A0AA78FC296E443C00D7DA09 /* Build configuration list for PBXProject "ToDoBy2" */ = {
			isa = XCConfigurationList;
			buildConfigurations = (
				A0AA790E296E443D00D7DA09 /* Debug */,
				A0AA790F296E443D00D7DA09 /* Release */,
			);
			defaultConfigurationIsVisible = 0;
			defaultConfigurationName = Release;
		};
		A0AA7910296E443D00D7DA09 /* Build configuration list for PBXNativeTarget "ToDoBy2" */ = {
			isa = XCConfigurationList;
			buildConfigurations = (
				A0AA7911296E443D00D7DA09 /* Debug */,
				A0AA7912296E443D00D7DA09 /* Release */,
			);
			defaultConfigurationIsVisible = 0;
			defaultConfigurationName = Release;
		};
/* End XCConfigurationList section */
	};
	rootObject = A0AA78F9296E443C00D7DA09 /* Project object */;
}
